
Microsoft Visual Studio Solution File, Format Version 12.00
# Visual Studio 2012
Project("{8BC9CEB8-8B4A-11D0-8D11-00A0C91BC942}") = "vecadd_c_plus_plus", "vecadd_c_plus_plus\vecadd_c_plus_plus.vcxproj", "{FAAA1BF3-7FEE-449D-9924-31A828A465F3}"
EndProject
Global
	GlobalSection(SolutionConfigurationPlatforms) = preSolution
		Debug|Win32 = Debug|Win32
		Release|Win32 = Release|Win32
	EndGlobalSection
	GlobalSection(ProjectConfigurationPlatforms) = postSolution
		{FAAA1BF3-7FEE-449D-9924-31A828A465F3}.Debug|Win32.ActiveCfg = Debug|Win32
		{FAAA1BF3-7FEE-449D-9924-31A828A465F3}.Debug|Win32.Build.0 = Debug|Win32
		{FAAA1BF3-7FEE-449D-9924-31A828A465F3}.Release|Win32.ActiveCfg = Release|Win32
		{FAAA1BF3-7FEE-449D-9924-31A828A465F3}.Release|Win32.Build.0 = Release|Win32
	EndGlobalSection
	GlobalSection(SolutionProperties) = preSolution
		HideSolutionNode = FALSE
	EndGlobalSection
EndGlobal
